// !$*UTF8*$!
{
	archiveVersion = 1;
	classes = {
	};
	objectVersion = 50;
	objects = {

/* Begin PBXBuildFile section */
		03156364244BAC02006765A7 /* AppDelegate.swift in Sources */ = {isa = PBXBuildFile; fileRef = 03156363244BAC02006765A7 /* AppDelegate.swift */; };
		03156366244BAC02006765A7 /* SceneDelegate.swift in Sources */ = {isa = PBXBuildFile; fileRef = 03156365244BAC02006765A7 /* SceneDelegate.swift */; };
		03156368244BAC02006765A7 /* ViewController.swift in Sources */ = {isa = PBXBuildFile; fileRef = 03156367244BAC02006765A7 /* ViewController.swift */; };
		0315636B244BAC02006765A7 /* Main.storyboard in Resources */ = {isa = PBXBuildFile; fileRef = 03156369244BAC02006765A7 /* Main.storyboard */; };
		0315636D244BAC03006765A7 /* Assets.xcassets in Resources */ = {isa = PBXBuildFile; fileRef = 0315636C244BAC03006765A7 /* Assets.xcassets */; };
		03156370244BAC03006765A7 /* LaunchScreen.storyboard in Resources */ = {isa = PBXBuildFile; fileRef = 0315636E244BAC03006765A7 /* LaunchScreen.storyboard */; };
		0315637B244BAC03006765A7 /* Earlgrey2WhiteBoxExampleUITests.swift in Sources */ = {isa = PBXBuildFile; fileRef = 0315637A244BAC03006765A7 /* Earlgrey2WhiteBoxExampleUITests.swift */; };
		03156397244BB0BF006765A7 /* libTestLib.a in Frameworks */ = {isa = PBXBuildFile; fileRef = 03156395244BB08B006765A7 /* libTestLib.a */; };
		03156399244BB1B7006765A7 /* AppFramework.framework in [AppFramework] Copy Files */ = {isa = PBXBuildFile; fileRef = 03156393244BB08B006765A7 /* AppFramework.framework */; settings = {ATTRIBUTES = (CodeSignOnCopy, ); }; };
		033472BE244BB49E004BB6A6 /* EarlGrey.swift in Sources */ = {isa = PBXBuildFile; fileRef = 033472BD244BB49E004BB6A6 /* EarlGrey.swift */; };
		033472D0244BBD6B004BB6A6 /* AppFramework.framework in Frameworks */ = {isa = PBXBuildFile; fileRef = 03156393244BB08B006765A7 /* AppFramework.framework */; settings = {ATTRIBUTES = (Weak, ); }; };
		033472D4244BBDF8004BB6A6 /* HelperBundle.bundle in [HelperBundle] Copy Files */ = {isa = PBXBuildFile; fileRef = 033472CA244BBC84004BB6A6 /* HelperBundle.bundle */; settings = {ATTRIBUTES = (CodeSignOnCopy, ); }; };
		033472E1244BC02F004BB6A6 /* SwiftTestsHost.swift in Sources */ = {isa = PBXBuildFile; fileRef = 033472E0244BC02F004BB6A6 /* SwiftTestsHost.swift */; };
		033472E2244BC032004BB6A6 /* SwiftTestsHost.swift in Sources */ = {isa = PBXBuildFile; fileRef = 033472E0244BC02F004BB6A6 /* SwiftTestsHost.swift */; };
		033472E4244BC04A004BB6A6 /* GREYHostApplicationDistantObject+SwiftTestsHost.swift in Sources */ = {isa = PBXBuildFile; fileRef = 033472E3244BC04A004BB6A6 /* GREYHostApplicationDistantObject+SwiftTestsHost.swift */; };
/* End PBXBuildFile section */

/* Begin PBXContainerItemProxy section */
		03156377244BAC03006765A7 /* PBXContainerItemProxy */ = {
			isa = PBXContainerItemProxy;
			containerPortal = 03156358244BAC02006765A7 /* Project object */;
			proxyType = 1;
			remoteGlobalIDString = 0315635F244BAC02006765A7;
			remoteInfo = Earlgrey2WhiteBoxExample;
		};
		0315638E244BB08B006765A7 /* PBXContainerItemProxy */ = {
			isa = PBXContainerItemProxy;
			containerPortal = 03156386244BB08B006765A7 /* EarlGrey.xcodeproj */;
			proxyType = 2;
			remoteGlobalIDString = FD62395120F56A9700049E81;
			remoteInfo = CommonLib;
		};
		03156390244BB08B006765A7 /* PBXContainerItemProxy */ = {
			isa = PBXContainerItemProxy;
			containerPortal = 03156386244BB08B006765A7 /* EarlGrey.xcodeproj */;
			proxyType = 2;
			remoteGlobalIDString = FDF9E03520F82D090005DCF2;
			remoteInfo = UILib;
		};
		03156392244BB08B006765A7 /* PBXContainerItemProxy */ = {
			isa = PBXContainerItemProxy;
			containerPortal = 03156386244BB08B006765A7 /* EarlGrey.xcodeproj */;
			proxyType = 2;
			remoteGlobalIDString = FD623A4920F957BE00049E81;
			remoteInfo = AppFramework;
		};
		03156394244BB08B006765A7 /* PBXContainerItemProxy */ = {
			isa = PBXContainerItemProxy;
			containerPortal = 03156386244BB08B006765A7 /* EarlGrey.xcodeproj */;
			proxyType = 2;
			remoteGlobalIDString = FD5048F820FB225100261CBE;
			remoteInfo = TestLib;
		};
		033472D5244BBE8A004BB6A6 /* PBXContainerItemProxy */ = {
			isa = PBXContainerItemProxy;
			containerPortal = 03156358244BAC02006765A7 /* Project object */;
			proxyType = 1;
			remoteGlobalIDString = 0315635F244BAC02006765A7;
			remoteInfo = Earlgrey2WhiteBoxExample;
		};
/* End PBXContainerItemProxy section */

/* Begin PBXCopyFilesBuildPhase section */
		03156398244BB179006765A7 /* [AppFramework] Copy Files */ = {
			isa = PBXCopyFilesBuildPhase;
			buildActionMask = 2147483647;
			dstPath = "$(TARGET_BUILD_DIR)/../../Earlgrey2WhiteBoxExample.app/Frameworks";
			dstSubfolderSpec = 0;
			files = (
				03156399244BB1B7006765A7 /* AppFramework.framework in [AppFramework] Copy Files */,
			);
			name = "[AppFramework] Copy Files";
			runOnlyForDeploymentPostprocessing = 0;
		};
		033472D3244BBDBE004BB6A6 /* [HelperBundle] Copy Files */ = {
			isa = PBXCopyFilesBuildPhase;
			buildActionMask = 2147483647;
			dstPath = "$(TARGET_BUILD_DIR)/../../Earlgrey2WhiteBoxExample.app/EarlGreyHelperBundles";
			dstSubfolderSpec = 0;
			files = (
				033472D4244BBDF8004BB6A6 /* HelperBundle.bundle in [HelperBundle] Copy Files */,
			);
			name = "[HelperBundle] Copy Files";
			runOnlyForDeploymentPostprocessing = 0;
		};
/* End PBXCopyFilesBuildPhase section */

/* Begin PBXFileReference section */
		03156360244BAC02006765A7 /* Earlgrey2WhiteBoxExample.app */ = {isa = PBXFileReference; explicitFileType = wrapper.application; includeInIndex = 0; path = Earlgrey2WhiteBoxExample.app; sourceTree = BUILT_PRODUCTS_DIR; };
		03156363244BAC02006765A7 /* AppDelegate.swift */ = {isa = PBXFileReference; lastKnownFileType = sourcecode.swift; path = AppDelegate.swift; sourceTree = "<group>"; };
		03156365244BAC02006765A7 /* SceneDelegate.swift */ = {isa = PBXFileReference; lastKnownFileType = sourcecode.swift; path = SceneDelegate.swift; sourceTree = "<group>"; };
		03156367244BAC02006765A7 /* ViewController.swift */ = {isa = PBXFileReference; lastKnownFileType = sourcecode.swift; path = ViewController.swift; sourceTree = "<group>"; };
		0315636A244BAC02006765A7 /* Base */ = {isa = PBXFileReference; lastKnownFileType = file.storyboard; name = Base; path = Base.lproj/Main.storyboard; sourceTree = "<group>"; };
		0315636C244BAC03006765A7 /* Assets.xcassets */ = {isa = PBXFileReference; lastKnownFileType = folder.assetcatalog; path = Assets.xcassets; sourceTree = "<group>"; };
		0315636F244BAC03006765A7 /* Base */ = {isa = PBXFileReference; lastKnownFileType = file.storyboard; name = Base; path = Base.lproj/LaunchScreen.storyboard; sourceTree = "<group>"; };
		03156371244BAC03006765A7 /* Info.plist */ = {isa = PBXFileReference; lastKnownFileType = text.plist.xml; path = Info.plist; sourceTree = "<group>"; };
		03156376244BAC03006765A7 /* Earlgrey2WhiteBoxExampleUITests.xctest */ = {isa = PBXFileReference; explicitFileType = wrapper.cfbundle; includeInIndex = 0; path = Earlgrey2WhiteBoxExampleUITests.xctest; sourceTree = BUILT_PRODUCTS_DIR; };
		0315637A244BAC03006765A7 /* Earlgrey2WhiteBoxExampleUITests.swift */ = {isa = PBXFileReference; lastKnownFileType = sourcecode.swift; path = Earlgrey2WhiteBoxExampleUITests.swift; sourceTree = "<group>"; };
		0315637C244BAC03006765A7 /* Info.plist */ = {isa = PBXFileReference; lastKnownFileType = text.plist.xml; path = Info.plist; sourceTree = "<group>"; };
		03156386244BB08B006765A7 /* EarlGrey.xcodeproj */ = {isa = PBXFileReference; lastKnownFileType = "wrapper.pb-project"; name = EarlGrey.xcodeproj; path = EarlGrey/EarlGrey.xcodeproj; sourceTree = "<group>"; };
		033472BD244BB49E004BB6A6 /* EarlGrey.swift */ = {isa = PBXFileReference; lastKnownFileType = sourcecode.swift; path = EarlGrey.swift; sourceTree = "<group>"; };
		033472C3244BB4C5004BB6A6 /* EarlGreyWhiteBoxExampleUITests-Bridging-Header.h */ = {isa = PBXFileReference; lastKnownFileType = sourcecode.c.h; path = "EarlGreyWhiteBoxExampleUITests-Bridging-Header.h"; sourceTree = "<group>"; };
		033472CA244BBC84004BB6A6 /* HelperBundle.bundle */ = {isa = PBXFileReference; explicitFileType = wrapper.cfbundle; includeInIndex = 0; path = HelperBundle.bundle; sourceTree = BUILT_PRODUCTS_DIR; };
		033472CC244BBC84004BB6A6 /* Info.plist */ = {isa = PBXFileReference; lastKnownFileType = text.plist.xml; path = Info.plist; sourceTree = "<group>"; };
		033472D9244BBFDB004BB6A6 /* HelperBundle-Bridging-Header.h */ = {isa = PBXFileReference; lastKnownFileType = sourcecode.c.h; path = "HelperBundle-Bridging-Header.h"; sourceTree = "<group>"; };
		033472E0244BC02F004BB6A6 /* SwiftTestsHost.swift */ = {isa = PBXFileReference; lastKnownFileType = sourcecode.swift; path = SwiftTestsHost.swift; sourceTree = "<group>"; };
		033472E3244BC04A004BB6A6 /* GREYHostApplicationDistantObject+SwiftTestsHost.swift */ = {isa = PBXFileReference; lastKnownFileType = sourcecode.swift; path = "GREYHostApplicationDistantObject+SwiftTestsHost.swift"; sourceTree = "<group>"; };
/* End PBXFileReference section */

/* Begin PBXFrameworksBuildPhase section */
		0315635D244BAC02006765A7 /* Frameworks */ = {
			isa = PBXFrameworksBuildPhase;
			buildActionMask = 2147483647;
			files = (
			);
			runOnlyForDeploymentPostprocessing = 0;
		};
		03156373244BAC03006765A7 /* Frameworks */ = {
			isa = PBXFrameworksBuildPhase;
			buildActionMask = 2147483647;
			files = (
				03156397244BB0BF006765A7 /* libTestLib.a in Frameworks */,
			);
			runOnlyForDeploymentPostprocessing = 0;
		};
		033472C7244BBC84004BB6A6 /* Frameworks */ = {
			isa = PBXFrameworksBuildPhase;
			buildActionMask = 2147483647;
			files = (
				033472D0244BBD6B004BB6A6 /* AppFramework.framework in Frameworks */,
			);
			runOnlyForDeploymentPostprocessing = 0;
		};
/* End PBXFrameworksBuildPhase section */

/* Begin PBXGroup section */
		03156357244BAC02006765A7 = {
			isa = PBXGroup;
			children = (
				03156386244BB08B006765A7 /* EarlGrey.xcodeproj */,
				03156362244BAC02006765A7 /* Earlgrey2WhiteBoxExample */,
				03156379244BAC03006765A7 /* Earlgrey2WhiteBoxExampleUITests */,
				033472CB244BBC84004BB6A6 /* HelperBundle */,
				03156361244BAC02006765A7 /* Products */,
				03156396244BB0BF006765A7 /* Frameworks */,
			);
			sourceTree = "<group>";
		};
		03156361244BAC02006765A7 /* Products */ = {
			isa = PBXGroup;
			children = (
				03156360244BAC02006765A7 /* Earlgrey2WhiteBoxExample.app */,
				03156376244BAC03006765A7 /* Earlgrey2WhiteBoxExampleUITests.xctest */,
				033472CA244BBC84004BB6A6 /* HelperBundle.bundle */,
			);
			name = Products;
			sourceTree = "<group>";
		};
		03156362244BAC02006765A7 /* Earlgrey2WhiteBoxExample */ = {
			isa = PBXGroup;
			children = (
				03156363244BAC02006765A7 /* AppDelegate.swift */,
				03156365244BAC02006765A7 /* SceneDelegate.swift */,
				03156367244BAC02006765A7 /* ViewController.swift */,
				03156369244BAC02006765A7 /* Main.storyboard */,
				0315636C244BAC03006765A7 /* Assets.xcassets */,
				0315636E244BAC03006765A7 /* LaunchScreen.storyboard */,
				03156371244BAC03006765A7 /* Info.plist */,
			);
			path = Earlgrey2WhiteBoxExample;
			sourceTree = "<group>";
		};
		03156379244BAC03006765A7 /* Earlgrey2WhiteBoxExampleUITests */ = {
			isa = PBXGroup;
			children = (
				0315637A244BAC03006765A7 /* Earlgrey2WhiteBoxExampleUITests.swift */,
				0315637C244BAC03006765A7 /* Info.plist */,
				033472BD244BB49E004BB6A6 /* EarlGrey.swift */,
				033472C3244BB4C5004BB6A6 /* EarlGreyWhiteBoxExampleUITests-Bridging-Header.h */,
			);
			path = Earlgrey2WhiteBoxExampleUITests;
			sourceTree = "<group>";
		};
		03156387244BB08B006765A7 /* Products */ = {
			isa = PBXGroup;
			children = (
				0315638F244BB08B006765A7 /* libCommonLib.a */,
				03156391244BB08B006765A7 /* libUILib.a */,
				03156393244BB08B006765A7 /* AppFramework.framework */,
				03156395244BB08B006765A7 /* libTestLib.a */,
			);
			name = Products;
			sourceTree = "<group>";
		};
		03156396244BB0BF006765A7 /* Frameworks */ = {
			isa = PBXGroup;
			children = (
			);
			name = Frameworks;
			sourceTree = "<group>";
		};
		033472CB244BBC84004BB6A6 /* HelperBundle */ = {
			isa = PBXGroup;
			children = (
				033472CC244BBC84004BB6A6 /* Info.plist */,
				033472D9244BBFDB004BB6A6 /* HelperBundle-Bridging-Header.h */,
				033472E0244BC02F004BB6A6 /* SwiftTestsHost.swift */,
				033472E3244BC04A004BB6A6 /* GREYHostApplicationDistantObject+SwiftTestsHost.swift */,
			);
			path = HelperBundle;
			sourceTree = "<group>";
		};
/* End PBXGroup section */

/* Begin PBXNativeTarget section */
		0315635F244BAC02006765A7 /* Earlgrey2WhiteBoxExample */ = {
			isa = PBXNativeTarget;
			buildConfigurationList = 0315637F244BAC03006765A7 /* Build configuration list for PBXNativeTarget "Earlgrey2WhiteBoxExample" */;
			buildPhases = (
				0315635C244BAC02006765A7 /* Sources */,
				0315635D244BAC02006765A7 /* Frameworks */,
				0315635E244BAC02006765A7 /* Resources */,
			);
			buildRules = (
			);
			dependencies = (
			);
			name = Earlgrey2WhiteBoxExample;
			productName = Earlgrey2WhiteBoxExample;
			productReference = 03156360244BAC02006765A7 /* Earlgrey2WhiteBoxExample.app */;
			productType = "com.apple.product-type.application";
		};
		03156375244BAC03006765A7 /* Earlgrey2WhiteBoxExampleUITests */ = {
			isa = PBXNativeTarget;
			buildConfigurationList = 03156382244BAC03006765A7 /* Build configuration list for PBXNativeTarget "Earlgrey2WhiteBoxExampleUITests" */;
			buildPhases = (
				03156372244BAC03006765A7 /* Sources */,
				03156373244BAC03006765A7 /* Frameworks */,
				03156374244BAC03006765A7 /* Resources */,
				03156398244BB179006765A7 /* [AppFramework] Copy Files */,
				033472D3244BBDBE004BB6A6 /* [HelperBundle] Copy Files */,
			);
			buildRules = (
			);
			dependencies = (
				03156378244BAC03006765A7 /* PBXTargetDependency */,
			);
			name = Earlgrey2WhiteBoxExampleUITests;
			productName = Earlgrey2WhiteBoxExampleUITests;
			productReference = 03156376244BAC03006765A7 /* Earlgrey2WhiteBoxExampleUITests.xctest */;
			productType = "com.apple.product-type.bundle.ui-testing";
		};
		033472C9244BBC84004BB6A6 /* HelperBundle */ = {
			isa = PBXNativeTarget;
			buildConfigurationList = 033472CD244BBC84004BB6A6 /* Build configuration list for PBXNativeTarget "HelperBundle" */;
			buildPhases = (
				033472C6244BBC84004BB6A6 /* Sources */,
				033472C7244BBC84004BB6A6 /* Frameworks */,
				033472C8244BBC84004BB6A6 /* Resources */,
			);
			buildRules = (
			);
			dependencies = (
				033472D6244BBE8A004BB6A6 /* PBXTargetDependency */,
			);
			name = HelperBundle;
			productName = HelperBundle;
			productReference = 033472CA244BBC84004BB6A6 /* HelperBundle.bundle */;
			productType = "com.apple.product-type.bundle";
		};
/* End PBXNativeTarget section */

/* Begin PBXProject section */
		03156358244BAC02006765A7 /* Project object */ = {
			isa = PBXProject;
			attributes = {
				LastSwiftUpdateCheck = 1140;
				LastUpgradeCheck = 1140;
				ORGANIZATIONNAME = "Bastián Véliz Vega";
				TargetAttributes = {
					0315635F244BAC02006765A7 = {
						CreatedOnToolsVersion = 11.4.1;
					};
					03156375244BAC03006765A7 = {
						CreatedOnToolsVersion = 11.4.1;
						TestTargetID = 0315635F244BAC02006765A7;
					};
					033472C9244BBC84004BB6A6 = {
						CreatedOnToolsVersion = 11.4.1;
						LastSwiftMigration = 1140;
					};
				};
			};
			buildConfigurationList = 0315635B244BAC02006765A7 /* Build configuration list for PBXProject "Earlgrey2WhiteBoxExample" */;
			compatibilityVersion = "Xcode 9.3";
			developmentRegion = en;
			hasScannedForEncodings = 0;
			knownRegions = (
				en,
				Base,
			);
			mainGroup = 03156357244BAC02006765A7;
			productRefGroup = 03156361244BAC02006765A7 /* Products */;
			projectDirPath = "";
			projectReferences = (
				{
					ProductGroup = 03156387244BB08B006765A7 /* Products */;
					ProjectRef = 03156386244BB08B006765A7 /* EarlGrey.xcodeproj */;
				},
			);
			projectRoot = "";
			targets = (
				0315635F244BAC02006765A7 /* Earlgrey2WhiteBoxExample */,
				03156375244BAC03006765A7 /* Earlgrey2WhiteBoxExampleUITests */,
				033472C9244BBC84004BB6A6 /* HelperBundle */,
			);
		};
/* End PBXProject section */

/* Begin PBXReferenceProxy section */
		0315638F244BB08B006765A7 /* libCommonLib.a */ = {
			isa = PBXReferenceProxy;
			fileType = archive.ar;
			path = libCommonLib.a;
			remoteRef = 0315638E244BB08B006765A7 /* PBXContainerItemProxy */;
			sourceTree = BUILT_PRODUCTS_DIR;
		};
		03156391244BB08B006765A7 /* libUILib.a */ = {
			isa = PBXReferenceProxy;
			fileType = archive.ar;
			path = libUILib.a;
			remoteRef = 03156390244BB08B006765A7 /* PBXContainerItemProxy */;
			sourceTree = BUILT_PRODUCTS_DIR;
		};
		03156393244BB08B006765A7 /* AppFramework.framework */ = {
			isa = PBXReferenceProxy;
			fileType = wrapper.framework;
			path = AppFramework.framework;
			remoteRef = 03156392244BB08B006765A7 /* PBXContainerItemProxy */;
			sourceTree = BUILT_PRODUCTS_DIR;
		};
		03156395244BB08B006765A7 /* libTestLib.a */ = {
			isa = PBXReferenceProxy;
			fileType = archive.ar;
			path = libTestLib.a;
			remoteRef = 03156394244BB08B006765A7 /* PBXContainerItemProxy */;
			sourceTree = BUILT_PRODUCTS_DIR;
		};
/* End PBXReferenceProxy section */

/* Begin PBXResourcesBuildPhase section */
		0315635E244BAC02006765A7 /* Resources */ = {
			isa = PBXResourcesBuildPhase;
			buildActionMask = 2147483647;
			files = (
				03156370244BAC03006765A7 /* LaunchScreen.storyboard in Resources */,
				0315636D244BAC03006765A7 /* Assets.xcassets in Resources */,
				0315636B244BAC02006765A7 /* Main.storyboard in Resources */,
			);
			runOnlyForDeploymentPostprocessing = 0;
		};
		03156374244BAC03006765A7 /* Resources */ = {
			isa = PBXResourcesBuildPhase;
			buildActionMask = 2147483647;
			files = (
			);
			runOnlyForDeploymentPostprocessing = 0;
		};
		033472C8244BBC84004BB6A6 /* Resources */ = {
			isa = PBXResourcesBuildPhase;
			buildActionMask = 2147483647;
			files = (
			);
			runOnlyForDeploymentPostprocessing = 0;
		};
/* End PBXResourcesBuildPhase section */

/* Begin PBXSourcesBuildPhase section */
		0315635C244BAC02006765A7 /* Sources */ = {
			isa = PBXSourcesBuildPhase;
			buildActionMask = 2147483647;
			files = (
				03156368244BAC02006765A7 /* ViewController.swift in Sources */,
				03156364244BAC02006765A7 /* AppDelegate.swift in Sources */,
				03156366244BAC02006765A7 /* SceneDelegate.swift in Sources */,
			);
			runOnlyForDeploymentPostprocessing = 0;
		};
		03156372244BAC03006765A7 /* Sources */ = {
			isa = PBXSourcesBuildPhase;
			buildActionMask = 2147483647;
			files = (
				033472BE244BB49E004BB6A6 /* EarlGrey.swift in Sources */,
				0315637B244BAC03006765A7 /* Earlgrey2WhiteBoxExampleUITests.swift in Sources */,
				033472E2244BC032004BB6A6 /* SwiftTestsHost.swift in Sources */,
			);
			runOnlyForDeploymentPostprocessing = 0;
		};
		033472C6244BBC84004BB6A6 /* Sources */ = {
			isa = PBXSourcesBuildPhase;
			buildActionMask = 2147483647;
			files = (
				033472E4244BC04A004BB6A6 /* GREYHostApplicationDistantObject+SwiftTestsHost.swift in Sources */,
				033472E1244BC02F004BB6A6 /* SwiftTestsHost.swift in Sources */,
			);
			runOnlyForDeploymentPostprocessing = 0;
		};
/* End PBXSourcesBuildPhase section */

/* Begin PBXTargetDependency section */
		03156378244BAC03006765A7 /* PBXTargetDependency */ = {
			isa = PBXTargetDependency;
			target = 0315635F244BAC02006765A7 /* Earlgrey2WhiteBoxExample */;
			targetProxy = 03156377244BAC03006765A7 /* PBXContainerItemProxy */;
		};
		033472D6244BBE8A004BB6A6 /* PBXTargetDependency */ = {
			isa = PBXTargetDependency;
			target = 0315635F244BAC02006765A7 /* Earlgrey2WhiteBoxExample */;
			targetProxy = 033472D5244BBE8A004BB6A6 /* PBXContainerItemProxy */;
		};
/* End PBXTargetDependency section */

/* Begin PBXVariantGroup section */
		03156369244BAC02006765A7 /* Main.storyboard */ = {
			isa = PBXVariantGroup;
			children = (
				0315636A244BAC02006765A7 /* Base */,
			);
			name = Main.storyboard;
			sourceTree = "<group>";
		};
		0315636E244BAC03006765A7 /* LaunchScreen.storyboard */ = {
			isa = PBXVariantGroup;
			children = (
				0315636F244BAC03006765A7 /* Base */,
			);
			name = LaunchScreen.storyboard;
			sourceTree = "<group>";
		};
/* End PBXVariantGroup section */

/* Begin XCBuildConfiguration section */
		0315637D244BAC03006765A7 /* Debug */ = {
			isa = XCBuildConfiguration;
			buildSettings = {
				ALWAYS_SEARCH_USER_PATHS = NO;
				CLANG_ANALYZER_NONNULL = YES;
				CLANG_ANALYZER_NUMBER_OBJECT_CONVERSION = YES_AGGRESSIVE;
				CLANG_CXX_LANGUAGE_STANDARD = "gnu++14";
				CLANG_CXX_LIBRARY = "libc++";
				CLANG_ENABLE_MODULES = YES;
				CLANG_ENABLE_OBJC_ARC = YES;
				CLANG_ENABLE_OBJC_WEAK = YES;
				CLANG_WARN_BLOCK_CAPTURE_AUTORELEASING = YES;
				CLANG_WARN_BOOL_CONVERSION = YES;
				CLANG_WARN_COMMA = YES;
				CLANG_WARN_CONSTANT_CONVERSION = YES;
				CLANG_WARN_DEPRECATED_OBJC_IMPLEMENTATIONS = YES;
				CLANG_WARN_DIRECT_OBJC_ISA_USAGE = YES_ERROR;
				CLANG_WARN_DOCUMENTATION_COMMENTS = YES;
				CLANG_WARN_EMPTY_BODY = YES;
				CLANG_WARN_ENUM_CONVERSION = YES;
				CLANG_WARN_INFINITE_RECURSION = YES;
				CLANG_WARN_INT_CONVERSION = YES;
				CLANG_WARN_NON_LITERAL_NULL_CONVERSION = YES;
				CLANG_WARN_OBJC_IMPLICIT_RETAIN_SELF = YES;
				CLANG_WARN_OBJC_LITERAL_CONVERSION = YES;
				CLANG_WARN_OBJC_ROOT_CLASS = YES_ERROR;
				CLANG_WARN_RANGE_LOOP_ANALYSIS = YES;
				CLANG_WARN_STRICT_PROTOTYPES = YES;
				CLANG_WARN_SUSPICIOUS_MOVE = YES;
				CLANG_WARN_UNGUARDED_AVAILABILITY = YES_AGGRESSIVE;
				CLANG_WARN_UNREACHABLE_CODE = YES;
				CLANG_WARN__DUPLICATE_METHOD_MATCH = YES;
				COPY_PHASE_STRIP = NO;
				DEBUG_INFORMATION_FORMAT = dwarf;
				ENABLE_STRICT_OBJC_MSGSEND = YES;
				ENABLE_TESTABILITY = YES;
				GCC_C_LANGUAGE_STANDARD = gnu11;
				GCC_DYNAMIC_NO_PIC = NO;
				GCC_NO_COMMON_BLOCKS = YES;
				GCC_OPTIMIZATION_LEVEL = 0;
				GCC_PREPROCESSOR_DEFINITIONS = (
					"DEBUG=1",
					"$(inherited)",
				);
				GCC_WARN_64_TO_32_BIT_CONVERSION = YES;
				GCC_WARN_ABOUT_RETURN_TYPE = YES_ERROR;
				GCC_WARN_UNDECLARED_SELECTOR = YES;
				GCC_WARN_UNINITIALIZED_AUTOS = YES_AGGRESSIVE;
				GCC_WARN_UNUSED_FUNCTION = YES;
				GCC_WARN_UNUSED_VARIABLE = YES;
				IPHONEOS_DEPLOYMENT_TARGET = 13.4;
				MTL_ENABLE_DEBUG_INFO = INCLUDE_SOURCE;
				MTL_FAST_MATH = YES;
				ONLY_ACTIVE_ARCH = YES;
				SDKROOT = iphoneos;
				SWIFT_ACTIVE_COMPILATION_CONDITIONS = DEBUG;
				SWIFT_OPTIMIZATION_LEVEL = "-Onone";
			};
			name = Debug;
		};
		0315637E244BAC03006765A7 /* Release */ = {
			isa = XCBuildConfiguration;
			buildSettings = {
				ALWAYS_SEARCH_USER_PATHS = NO;
				CLANG_ANALYZER_NONNULL = YES;
				CLANG_ANALYZER_NUMBER_OBJECT_CONVERSION = YES_AGGRESSIVE;
				CLANG_CXX_LANGUAGE_STANDARD = "gnu++14";
				CLANG_CXX_LIBRARY = "libc++";
				CLANG_ENABLE_MODULES = YES;
				CLANG_ENABLE_OBJC_ARC = YES;
				CLANG_ENABLE_OBJC_WEAK = YES;
				CLANG_WARN_BLOCK_CAPTURE_AUTORELEASING = YES;
				CLANG_WARN_BOOL_CONVERSION = YES;
				CLANG_WARN_COMMA = YES;
				CLANG_WARN_CONSTANT_CONVERSION = YES;
				CLANG_WARN_DEPRECATED_OBJC_IMPLEMENTATIONS = YES;
				CLANG_WARN_DIRECT_OBJC_ISA_USAGE = YES_ERROR;
				CLANG_WARN_DOCUMENTATION_COMMENTS = YES;
				CLANG_WARN_EMPTY_BODY = YES;
				CLANG_WARN_ENUM_CONVERSION = YES;
				CLANG_WARN_INFINITE_RECURSION = YES;
				CLANG_WARN_INT_CONVERSION = YES;
				CLANG_WARN_NON_LITERAL_NULL_CONVERSION = YES;
				CLANG_WARN_OBJC_IMPLICIT_RETAIN_SELF = YES;
				CLANG_WARN_OBJC_LITERAL_CONVERSION = YES;
				CLANG_WARN_OBJC_ROOT_CLASS = YES_ERROR;
				CLANG_WARN_RANGE_LOOP_ANALYSIS = YES;
				CLANG_WARN_STRICT_PROTOTYPES = YES;
				CLANG_WARN_SUSPICIOUS_MOVE = YES;
				CLANG_WARN_UNGUARDED_AVAILABILITY = YES_AGGRESSIVE;
				CLANG_WARN_UNREACHABLE_CODE = YES;
				CLANG_WARN__DUPLICATE_METHOD_MATCH = YES;
				COPY_PHASE_STRIP = NO;
				DEBUG_INFORMATION_FORMAT = "dwarf-with-dsym";
				ENABLE_NS_ASSERTIONS = NO;
				ENABLE_STRICT_OBJC_MSGSEND = YES;
				GCC_C_LANGUAGE_STANDARD = gnu11;
				GCC_NO_COMMON_BLOCKS = YES;
				GCC_WARN_64_TO_32_BIT_CONVERSION = YES;
				GCC_WARN_ABOUT_RETURN_TYPE = YES_ERROR;
				GCC_WARN_UNDECLARED_SELECTOR = YES;
				GCC_WARN_UNINITIALIZED_AUTOS = YES_AGGRESSIVE;
				GCC_WARN_UNUSED_FUNCTION = YES;
				GCC_WARN_UNUSED_VARIABLE = YES;
				IPHONEOS_DEPLOYMENT_TARGET = 13.4;
				MTL_ENABLE_DEBUG_INFO = NO;
				MTL_FAST_MATH = YES;
				SDKROOT = iphoneos;
				SWIFT_COMPILATION_MODE = wholemodule;
				SWIFT_OPTIMIZATION_LEVEL = "-O";
				VALIDATE_PRODUCT = YES;
			};
			name = Release;
		};
		03156380244BAC03006765A7 /* Debug */ = {
			isa = XCBuildConfiguration;
			buildSettings = {
				ASSETCATALOG_COMPILER_APPICON_NAME = AppIcon;
				CODE_SIGN_STYLE = Automatic;
				DEVELOPMENT_TEAM = 48L72N5ZP6;
				INFOPLIST_FILE = Earlgrey2WhiteBoxExample/Info.plist;
				LD_RUNPATH_SEARCH_PATHS = (
					"$(inherited)",
					"@executable_path/Frameworks",
					"@loader_path/Frameworks",
				);
				PRODUCT_BUNDLE_IDENTIFIER = bastianx6.Earlgrey2WhiteBoxExample;
				PRODUCT_NAME = "$(TARGET_NAME)";
				SWIFT_VERSION = 5.0;
				TARGETED_DEVICE_FAMILY = "1,2";
			};
			name = Debug;
		};
		03156381244BAC03006765A7 /* Release */ = {
			isa = XCBuildConfiguration;
			buildSettings = {
				ASSETCATALOG_COMPILER_APPICON_NAME = AppIcon;
				CODE_SIGN_STYLE = Automatic;
				DEVELOPMENT_TEAM = 48L72N5ZP6;
				INFOPLIST_FILE = Earlgrey2WhiteBoxExample/Info.plist;
				LD_RUNPATH_SEARCH_PATHS = (
					"$(inherited)",
					"@executable_path/Frameworks",
					"@loader_path/Frameworks",
				);
				PRODUCT_BUNDLE_IDENTIFIER = bastianx6.Earlgrey2WhiteBoxExample;
				PRODUCT_NAME = "$(TARGET_NAME)";
				SWIFT_VERSION = 5.0;
				TARGETED_DEVICE_FAMILY = "1,2";
			};
			name = Release;
		};
		03156383244BAC03006765A7 /* Debug */ = {
			isa = XCBuildConfiguration;
			buildSettings = {
				ALWAYS_EMBED_SWIFT_STANDARD_LIBRARIES = YES;
				CODE_SIGN_STYLE = Automatic;
				DEVELOPMENT_TEAM = 48L72N5ZP6;
				INFOPLIST_FILE = Earlgrey2WhiteBoxExampleUITests/Info.plist;
				LD_RUNPATH_SEARCH_PATHS = (
					"$(inherited)",
					"@executable_path/Frameworks",
					"@loader_path/Frameworks",
				);
				OTHER_LDFLAGS = "-ObjC";
				PRODUCT_BUNDLE_IDENTIFIER = bastianx6.Earlgrey2WhiteBoxExampleUITests;
				PRODUCT_NAME = "$(TARGET_NAME)";
				SWIFT_OBJC_BRIDGING_HEADER = "$(PRODUCT_NAME)/EarlGreyWhiteBoxExampleUITests-Bridging-Header.h";
				SWIFT_VERSION = 5.0;
				TARGETED_DEVICE_FAMILY = "1,2";
				TEST_TARGET_NAME = Earlgrey2WhiteBoxExample;
				USER_HEADER_SEARCH_PATHS = (
					"$(SRCROOT)/EarlGrey/**",
					"$(SRCROOT)/EarlGrey/Submodules/eDistantObject/**",
					"$(SRCROOT)/HelperBundle/**",
				);
			};
			name = Debug;
		};
		03156384244BAC03006765A7 /* Release */ = {
			isa = XCBuildConfiguration;
			buildSettings = {
				ALWAYS_EMBED_SWIFT_STANDARD_LIBRARIES = YES;
				CODE_SIGN_STYLE = Automatic;
				DEVELOPMENT_TEAM = 48L72N5ZP6;
				INFOPLIST_FILE = Earlgrey2WhiteBoxExampleUITests/Info.plist;
				LD_RUNPATH_SEARCH_PATHS = (
					"$(inherited)",
					"@executable_path/Frameworks",
					"@loader_path/Frameworks",
				);
				OTHER_LDFLAGS = "-ObjC";
				PRODUCT_BUNDLE_IDENTIFIER = bastianx6.Earlgrey2WhiteBoxExampleUITests;
				PRODUCT_NAME = "$(TARGET_NAME)";
				SWIFT_OBJC_BRIDGING_HEADER = "$(PRODUCT_NAME)/EarlGreyWhiteBoxExampleUITests-Bridging-Header.h";
				SWIFT_VERSION = 5.0;
				TARGETED_DEVICE_FAMILY = "1,2";
				TEST_TARGET_NAME = Earlgrey2WhiteBoxExample;
				USER_HEADER_SEARCH_PATHS = (
					"$(SRCROOT)/EarlGrey/**",
					"$(SRCROOT)/EarlGrey/Submodules/eDistantObject/**",
					"$(SRCROOT)/HelperBundle/**",
				);
			};
			name = Release;
		};
		033472CE244BBC84004BB6A6 /* Debug */ = {
			isa = XCBuildConfiguration;
			buildSettings = {
				BUNDLE_LOADER = "$(TARGET_BUILD_DIR)/Earlgrey2WhiteBoxExample.app/Earlgrey2WhiteBoxExample";
				CLANG_ENABLE_MODULES = YES;
				CODE_SIGN_STYLE = Automatic;
				COMBINE_HIDPI_IMAGES = YES;
				DEVELOPMENT_TEAM = 48L72N5ZP6;
				INFOPLIST_FILE = HelperBundle/Info.plist;
				INSTALL_PATH = "$(LOCAL_LIBRARY_DIR)/Bundles";
				LD_RUNPATH_SEARCH_PATHS = "@loader_path/Frameworks";
				MACOSX_DEPLOYMENT_TARGET = 10.15;
				OTHER_LDFLAGS = "-ObjC";
				PRODUCT_BUNDLE_IDENTIFIER = bastianx6.HelperBundle;
				PRODUCT_NAME = "$(TARGET_NAME)";
				SDKROOT = iphoneos;
				SKIP_INSTALL = YES;
				SWIFT_OBJC_BRIDGING_HEADER = "HelperBundle/HelperBundle-Bridging-Header.h";
				SWIFT_OPTIMIZATION_LEVEL = "-Onone";
				SWIFT_VERSION = 5.0;
				USER_HEADER_SEARCH_PATHS = (
					"$(SRCROOT)/EarlGrey/**",
					"$(SRCROOT)/EarlGrey/Submodules/eDistantObject/**",
				);
				WRAPPER_EXTENSION = bundle;
			};
			name = Debug;
		};
		033472CF244BBC84004BB6A6 /* Release */ = {
			isa = XCBuildConfiguration;
			buildSettings = {
				BUNDLE_LOADER = "$(TARGET_BUILD_DIR)/Earlgrey2WhiteBoxExample.app/Earlgrey2WhiteBoxExample";
				CLANG_ENABLE_MODULES = YES;
				CODE_SIGN_STYLE = Automatic;
				COMBINE_HIDPI_IMAGES = YES;
				DEVELOPMENT_TEAM = 48L72N5ZP6;
				INFOPLIST_FILE = HelperBundle/Info.plist;
				INSTALL_PATH = "$(LOCAL_LIBRARY_DIR)/Bundles";
				LD_RUNPATH_SEARCH_PATHS = "@loader_path/Frameworks";
				MACOSX_DEPLOYMENT_TARGET = 10.15;
				OTHER_LDFLAGS = "-ObjC";
				PRODUCT_BUNDLE_IDENTIFIER = bastianx6.HelperBundle;
				PRODUCT_NAME = "$(TARGET_NAME)";
				SDKROOT = iphoneos;
				SKIP_INSTALL = YES;
				SWIFT_OBJC_BRIDGING_HEADER = "HelperBundle/HelperBundle-Bridging-Header.h";
				SWIFT_VERSION = 5.0;
				USER_HEADER_SEARCH_PATHS = (
					"$(SRCROOT)/EarlGrey/**",
					"$(SRCROOT)/EarlGrey/Submodules/eDistantObject/**",
				);
				WRAPPER_EXTENSION = bundle;
			};
			name = Release;
		};
/* End XCBuildConfiguration section */

/* Begin XCConfigurationList section */
		0315635B244BAC02006765A7 /* Build configuration list for PBXProject "Earlgrey2WhiteBoxExample" */ = {
			isa = XCConfigurationList;
			buildConfigurations = (
				0315637D244BAC03006765A7 /* Debug */,
				0315637E244BAC03006765A7 /* Release */,
			);
			defaultConfigurationIsVisible = 0;
			defaultConfigurationName = Release;
		};
		0315637F244BAC03006765A7 /* Build configuration list for PBXNativeTarget "Earlgrey2WhiteBoxExample" */ = {
			isa = XCConfigurationList;
			buildConfigurations = (
				03156380244BAC03006765A7 /* Debug */,
				03156381244BAC03006765A7 /* Release */,
			);
			defaultConfigurationIsVisible = 0;
			defaultConfigurationName = Release;
		};
		03156382244BAC03006765A7 /* Build configuration list for PBXNativeTarget "Earlgrey2WhiteBoxExampleUITests" */ = {
			isa = XCConfigurationList;
			buildConfigurations = (
				03156383244BAC03006765A7 /* Debug */,
				03156384244BAC03006765A7 /* Release */,
			);
			defaultConfigurationIsVisible = 0;
			defaultConfigurationName = Release;
		};
		033472CD244BBC84004BB6A6 /* Build configuration list for PBXNativeTarget "HelperBundle" */ = {
			isa = XCConfigurationList;
			buildConfigurations = (
				033472CE244BBC84004BB6A6 /* Debug */,
				033472CF244BBC84004BB6A6 /* Release */,
			);
			defaultConfigurationIsVisible = 0;
			defaultConfigurationName = Release;
		};
/* End XCConfigurationList section */
	};
	rootObject = 03156358244BAC02006765A7 /* Project object */;
}
